<?xml version="1.0" encoding="utf-8"?>
<Project ToolsVersion="4.0" xmlns="http://schemas.microsoft.com/developer/msbuild/2003">
  <ItemGroup>
    <Filter Include="源文件">
      <UniqueIdentifier>{4FC737F1-C7A5-4376-A066-2A32D752A2FF}</UniqueIdentifier>
      <Extensions>cpp;c;cc;cxx;c++;cppm;ixx;def;odl;idl;hpj;bat;asm;asmx</Extensions>
    </Filter>
    <Filter Include="头文件">
      <UniqueIdentifier>{93995380-89BD-4b04-88EB-625FBE52EBFB}</UniqueIdentifier>
      <Extensions>h;hh;hpp;hxx;h++;hm;inl;inc;ipp;xsd</Extensions>
    </Filter>
    <Filter Include="资源文件">
      <UniqueIdentifier>{67DA6AB6-F800-4c08-8B7A-83BB121AAD01}</UniqueIdentifier>
      <Extensions>rc;ico;cur;bmp;dlg;rc2;rct;bin;rgs;gif;jpg;jpeg;jpe;resx;tiff;tif;png;wav;mfcribbon-ms</Extensions>
    </Filter>
    <Filter Include="生成的文件">
      <UniqueIdentifier>{dd64b3b0-8837-4e37-b01d-5df06a1c77a2}</UniqueIdentifier>
      <SourceControlFiles>False</SourceControlFiles>
    </Filter>
    <Filter Include="project">
      <UniqueIdentifier>{60eb4a8a-8fdc-45a4-988b-f6d147179d35}</UniqueIdentifier>
    </Filter>
  </ItemGroup>
  <ItemGroup>
    <ClInclude Include="demomenu_i.h">
      <Filter>生成的文件</Filter>
    </ClInclude>
    <ClInclude Include="DemoContextMenu.h">
      <Filter>头文件</Filter>
    </ClInclude>
    <ClInclude Include="framework.h">
      <Filter>project</Filter>
    </ClInclude>
    <ClInclude Include="dllmain.h">
      <Filter>project</Filter>
    </ClInclude>
    <ClInclude Include="pch.h">
      <Filter>project</Filter>
    </ClInclude>
    <ClInclude Include="targetver.h">
      <Filter>project</Filter>
    </ClInclude>
    <ClInclude Include="Resource.h">
      <Filter>project</Filter>
    </ClInclude>
  </ItemGroup>
  <ItemGroup>
    <ClCompile Include="demo-menu.cpp">
      <Filter>源文件</Filter>
    </ClCompile>
    <ClCompile Include="dllmain.cpp">
      <Filter>源文件</Filter>
    </ClCompile>
    <ClCompile Include="demomenu_i.c">
      <Filter>生成的文件</Filter>
    </ClCompile>
    <ClCompile Include="DemoContextMenu.cpp">
      <Filter>源文件</Filter>
    </ClCompile>
    <ClCompile Include="pch.cpp">
      <Filter>project</Filter>
    </ClCompile>
  </ItemGroup>
  <ItemGroup>
    <ResourceCompile Include="demo-menu.rc">
      <Filter>资源文件</Filter>
    </ResourceCompile>
  </ItemGroup>
  <ItemGroup>
    <None Include="demo-menu.rgs">
      <Filter>资源文件</Filter>
    </None>
    <None Include="DemoContextMenu.rgs">
      <Filter>资源文件</Filter>
    </None>
    <None Include="demo-menu.def">
      <Filter>project</Filter>
    </None>
  </ItemGroup>
  <ItemGroup>
    <Midl Include="demomenu.idl">
      <Filter>project</Filter>
    </Midl>
  </ItemGroup>
</Project>